
Microsoft Visual Studio Solution File, Format Version 12.00
Project("{FAE04EC0-301F-11D3-BF4B-00C04F79EFBC}") = "FreeScape", "FreeScape\FreeScape.csproj", "{6B06B77B-32E1-4C85-986B-0A15CE78796B}"
EndProject
Project("{FAE04EC0-301F-11D3-BF4B-00C04F79EFBC}") = "FreeScape.Engine", "FreeScape.Engine\FreeScape.Engine.csproj", "{0BC831F7-BC95-4C32-AC48-D466010F747D}"
EndProject
Project("{2150E333-8FDC-42A3-9474-1A3956D46DE8}") = "Sfml", "Sfml", "{EA75A185-8EC2-43C6-A66E-2AE3DFB5D6A8}"
EndProject
Project("{FAE04EC0-301F-11D3-BF4B-00C04F79EFBC}") = "SFML.Audio", "Sfml\src\SFML.Audio\SFML.Audio.csproj", "{406717E4-9F95-460B-8376-428BFB49FFE8}"
EndProject
Project("{FAE04EC0-301F-11D3-BF4B-00C04F79EFBC}") = "SFML.Graphics", "Sfml\src\SFML.Graphics\SFML.Graphics.csproj", "{8A0823F7-1C87-4422-B70A-E3CAB5E3F34F}"
EndProject
Project("{FAE04EC0-301F-11D3-BF4B-00C04F79EFBC}") = "SFML.System", "Sfml\src\SFML.System\SFML.System.csproj", "{AAA52520-4C8A-4752-8670-9636D59D0F66}"
EndProject
Project("{FAE04EC0-301F-11D3-BF4B-00C04F79EFBC}") = "SFML.Window", "Sfml\src\SFML.Window\SFML.Window.csproj", "{F4B04116-C4D1-449E-AFD0-78131BE6BB80}"
EndProject
Global
	GlobalSection(SolutionConfigurationPlatforms) = preSolution
		Debug|Any CPU = Debug|Any CPU
		Release|Any CPU = Release|Any CPU
	EndGlobalSection
	GlobalSection(ProjectConfigurationPlatforms) = postSolution
		{6B06B77B-32E1-4C85-986B-0A15CE78796B}.Debug|Any CPU.ActiveCfg = Debug|Any CPU
		{6B06B77B-32E1-4C85-986B-0A15CE78796B}.Debug|Any CPU.Build.0 = Debug|Any CPU
		{6B06B77B-32E1-4C85-986B-0A15CE78796B}.Release|Any CPU.ActiveCfg = Release|Any CPU
		{6B06B77B-32E1-4C85-986B-0A15CE78796B}.Release|Any CPU.Build.0 = Release|Any CPU
		{0BC831F7-BC95-4C32-AC48-D466010F747D}.Debug|Any CPU.ActiveCfg = Debug|Any CPU
		{0BC831F7-BC95-4C32-AC48-D466010F747D}.Debug|Any CPU.Build.0 = Debug|Any CPU
		{0BC831F7-BC95-4C32-AC48-D466010F747D}.Release|Any CPU.ActiveCfg = Release|Any CPU
		{0BC831F7-BC95-4C32-AC48-D466010F747D}.Release|Any CPU.Build.0 = Release|Any CPU
		{406717E4-9F95-460B-8376-428BFB49FFE8}.Debug|Any CPU.ActiveCfg = Debug|Any CPU
		{406717E4-9F95-460B-8376-428BFB49FFE8}.Debug|Any CPU.Build.0 = Debug|Any CPU
		{406717E4-9F95-460B-8376-428BFB49FFE8}.Release|Any CPU.ActiveCfg = Release|Any CPU
		{406717E4-9F95-460B-8376-428BFB49FFE8}.Release|Any CPU.Build.0 = Release|Any CPU
		{8A0823F7-1C87-4422-B70A-E3CAB5E3F34F}.Debug|Any CPU.ActiveCfg = Debug|Any CPU
		{8A0823F7-1C87-4422-B70A-E3CAB5E3F34F}.Debug|Any CPU.Build.0 = Debug|Any CPU
		{8A0823F7-1C87-4422-B70A-E3CAB5E3F34F}.Release|Any CPU.ActiveCfg = Release|Any CPU
		{8A0823F7-1C87-4422-B70A-E3CAB5E3F34F}.Release|Any CPU.Build.0 = Release|Any CPU
		{AAA52520-4C8A-4752-8670-9636D59D0F66}.Debug|Any CPU.ActiveCfg = Debug|Any CPU
		{AAA52520-4C8A-4752-8670-9636D59D0F66}.Debug|Any CPU.Build.0 = Debug|Any CPU
		{AAA52520-4C8A-4752-8670-9636D59D0F66}.Release|Any CPU.ActiveCfg = Release|Any CPU
		{AAA52520-4C8A-4752-8670-9636D59D0F66}.Release|Any CPU.Build.0 = Release|Any CPU
		{F4B04116-C4D1-449E-AFD0-78131BE6BB80}.Debug|Any CPU.ActiveCfg = Debug|Any CPU
		{F4B04116-C4D1-449E-AFD0-78131BE6BB80}.Debug|Any CPU.Build.0 = Debug|Any CPU
		{F4B04116-C4D1-449E-AFD0-78131BE6BB80}.Release|Any CPU.ActiveCfg = Release|Any CPU
		{F4B04116-C4D1-449E-AFD0-78131BE6BB80}.Release|Any CPU.Build.0 = Release|Any CPU
	EndGlobalSection
	GlobalSection(NestedProjects) = preSolution
		{406717E4-9F95-460B-8376-428BFB49FFE8} = {EA75A185-8EC2-43C6-A66E-2AE3DFB5D6A8}
		{8A0823F7-1C87-4422-B70A-E3CAB5E3F34F} = {EA75A185-8EC2-43C6-A66E-2AE3DFB5D6A8}
		{AAA52520-4C8A-4752-8670-9636D59D0F66} = {EA75A185-8EC2-43C6-A66E-2AE3DFB5D6A8}
		{F4B04116-C4D1-449E-AFD0-78131BE6BB80} = {EA75A185-8EC2-43C6-A66E-2AE3DFB5D6A8}
	EndGlobalSection
EndGlobal
